
Microsoft Visual Studio Solution File, Format Version 12.00
# Visual Studio 14
VisualStudioVersion = 14.0.25123.0
MinimumVisualStudioVersion = 10.0.40219.1
Project("{FAE04EC0-301F-11D3-BF4B-00C04F79EFBC}") = "BBeda.Net.Data.EntityFramework", "BBeda.Net.EntityFramework.Sql\BBeda.Net.Data.EntityFramework.csproj", "{5817A3BC-3B8F-44FF-8CC6-3B8BAD447AC8}"
EndProject
Project("{FAE04EC0-301F-11D3-BF4B-00C04F79EFBC}") = "BBeda.Net.Data", "BBeda.Net.Data\BBeda.Net.Data.csproj", "{32043F06-F6E7-49B1-B321-1D3636C207AB}"
EndProject
Global
	GlobalSection(SolutionConfigurationPlatforms) = preSolution
		Debug|Any CPU = Debug|Any CPU
		Release|Any CPU = Release|Any CPU
	EndGlobalSection
	GlobalSection(ProjectConfigurationPlatforms) = postSolution
		{5817A3BC-3B8F-44FF-8CC6-3B8BAD447AC8}.Debug|Any CPU.ActiveCfg = Debug|Any CPU
		{5817A3BC-3B8F-44FF-8CC6-3B8BAD447AC8}.Debug|Any CPU.Build.0 = Debug|Any CPU
		{5817A3BC-3B8F-44FF-8CC6-3B8BAD447AC8}.Release|Any CPU.ActiveCfg = Release|Any CPU
		{5817A3BC-3B8F-44FF-8CC6-3B8BAD447AC8}.Release|Any CPU.Build.0 = Release|Any CPU
		{32043F06-F6E7-49B1-B321-1D3636C207AB}.Debug|Any CPU.ActiveCfg = Debug|Any CPU
		{32043F06-F6E7-49B1-B321-1D3636C207AB}.Debug|Any CPU.Build.0 = Debug|Any CPU
		{32043F06-F6E7-49B1-B321-1D3636C207AB}.Release|Any CPU.ActiveCfg = Release|Any CPU
		{32043F06-F6E7-49B1-B321-1D3636C207AB}.Release|Any CPU.Build.0 = Release|Any CPU
	EndGlobalSection
	GlobalSection(SolutionProperties) = preSolution
		HideSolutionNode = FALSE
	EndGlobalSection
EndGlobal
